
Microsoft Visual Studio Solution File, Format Version 12.00
# Visual Studio Version 17
VisualStudioVersion = 17.1.32228.430
MinimumVisualStudioVersion = 10.0.40219.1
Project("{FAE04EC0-301F-11D3-BF4B-00C04F79EFBC}") = "PetShop.Client", "PetShop.Client\PetShop.Client.csproj", "{B59787BD-C130-465B-A55B-81CAADCE1438}"
EndProject
Project("{FAE04EC0-301F-11D3-BF4B-00C04F79EFBC}") = "PetShop.Data", "PetShop.Data\PetShop.Data.csproj", "{1F9E84B0-37A7-4003-B653-E3E88A874000}"
EndProject
Project("{FAE04EC0-301F-11D3-BF4B-00C04F79EFBC}") = "PetShop.Service", "PetShop.Service\PetShop.Service.csproj", "{CA091B28-5941-49DE-AF64-00EB60E327C0}"
EndProject
Project("{FAE04EC0-301F-11D3-BF4B-00C04F79EFBC}") = "PetShop.UnitTest", "PetShop.UnitTest\PetShop.UnitTest.csproj", "{2D5B0196-59BC-4C8B-B612-9099A985AD1D}"
EndProject
Global
	GlobalSection(SolutionConfigurationPlatforms) = preSolution
		Debug|Any CPU = Debug|Any CPU
		Release|Any CPU = Release|Any CPU
	EndGlobalSection
	GlobalSection(ProjectConfigurationPlatforms) = postSolution
		{B59787BD-C130-465B-A55B-81CAADCE1438}.Debug|Any CPU.ActiveCfg = Debug|Any CPU
		{B59787BD-C130-465B-A55B-81CAADCE1438}.Debug|Any CPU.Build.0 = Debug|Any CPU
		{B59787BD-C130-465B-A55B-81CAADCE1438}.Release|Any CPU.ActiveCfg = Release|Any CPU
		{B59787BD-C130-465B-A55B-81CAADCE1438}.Release|Any CPU.Build.0 = Release|Any CPU
		{1F9E84B0-37A7-4003-B653-E3E88A874000}.Debug|Any CPU.ActiveCfg = Debug|Any CPU
		{1F9E84B0-37A7-4003-B653-E3E88A874000}.Debug|Any CPU.Build.0 = Debug|Any CPU
		{1F9E84B0-37A7-4003-B653-E3E88A874000}.Release|Any CPU.ActiveCfg = Release|Any CPU
		{1F9E84B0-37A7-4003-B653-E3E88A874000}.Release|Any CPU.Build.0 = Release|Any CPU
		{CA091B28-5941-49DE-AF64-00EB60E327C0}.Debug|Any CPU.ActiveCfg = Debug|Any CPU
		{CA091B28-5941-49DE-AF64-00EB60E327C0}.Debug|Any CPU.Build.0 = Debug|Any CPU
		{CA091B28-5941-49DE-AF64-00EB60E327C0}.Release|Any CPU.ActiveCfg = Release|Any CPU
		{CA091B28-5941-49DE-AF64-00EB60E327C0}.Release|Any CPU.Build.0 = Release|Any CPU
		{2D5B0196-59BC-4C8B-B612-9099A985AD1D}.Debug|Any CPU.ActiveCfg = Debug|Any CPU
		{2D5B0196-59BC-4C8B-B612-9099A985AD1D}.Debug|Any CPU.Build.0 = Debug|Any CPU
		{2D5B0196-59BC-4C8B-B612-9099A985AD1D}.Release|Any CPU.ActiveCfg = Release|Any CPU
		{2D5B0196-59BC-4C8B-B612-9099A985AD1D}.Release|Any CPU.Build.0 = Release|Any CPU
	EndGlobalSection
	GlobalSection(SolutionProperties) = preSolution
		HideSolutionNode = FALSE
	EndGlobalSection
	GlobalSection(ExtensibilityGlobals) = postSolution
		SolutionGuid = {62C7742F-22FA-4E61-B137-36CD0B974795}
	EndGlobalSection
EndGlobal
